// !$*UTF8*$!
{
	archiveVersion = 1;
	classes = {
	};
	objectVersion = 55;
	objects = {

/* Begin PBXBuildFile section */
		0A06DFCE288FF1830008A71E /* RegisterVC.swift in Sources */ = {isa = PBXBuildFile; fileRef = 0A06DFCD288FF1830008A71E /* RegisterVC.swift */; };
		0A994914288EB0BD00C46948 /* AppDelegate.swift in Sources */ = {isa = PBXBuildFile; fileRef = 0A994913288EB0BD00C46948 /* AppDelegate.swift */; };
		0A994918288EB0BD00C46948 /* WelcomeVC.swift in Sources */ = {isa = PBXBuildFile; fileRef = 0A994917288EB0BD00C46948 /* WelcomeVC.swift */; };
		0A99491B288EB0BD00C46948 /* Main.storyboard in Resources */ = {isa = PBXBuildFile; fileRef = 0A994919288EB0BD00C46948 /* Main.storyboard */; };
		0A99491D288EB0BF00C46948 /* Assets.xcassets in Resources */ = {isa = PBXBuildFile; fileRef = 0A99491C288EB0BF00C46948 /* Assets.xcassets */; };
		0A994920288EB0BF00C46948 /* LaunchScreen.storyboard in Resources */ = {isa = PBXBuildFile; fileRef = 0A99491E288EB0BF00C46948 /* LaunchScreen.storyboard */; };
		0A99492B288EB0BF00C46948 /* MEMTests.swift in Sources */ = {isa = PBXBuildFile; fileRef = 0A99492A288EB0BF00C46948 /* MEMTests.swift */; };
		0A994935288EB0BF00C46948 /* MEMUITests.swift in Sources */ = {isa = PBXBuildFile; fileRef = 0A994934288EB0BF00C46948 /* MEMUITests.swift */; };
		0A994937288EB0BF00C46948 /* MEMUITestsLaunchTests.swift in Sources */ = {isa = PBXBuildFile; fileRef = 0A994936288EB0BF00C46948 /* MEMUITestsLaunchTests.swift */; };
		0A99494C288EE37700C46948 /* UIExtensions.swift in Sources */ = {isa = PBXBuildFile; fileRef = 0A99494B288EE37700C46948 /* UIExtensions.swift */; };
		0A994950288F283C00C46948 /* LoginVC.swift in Sources */ = {isa = PBXBuildFile; fileRef = 0A99494F288F283C00C46948 /* LoginVC.swift */; };
		0AEE8EB32896A0CB0050142B /* GoogleService-Info.plist in Resources */ = {isa = PBXBuildFile; fileRef = 0AEE8EB22896A0CB0050142B /* GoogleService-Info.plist */; };
		0AEE8EB52896A9780050142B /* AlertViewController.swift in Sources */ = {isa = PBXBuildFile; fileRef = 0AEE8EB42896A9780050142B /* AlertViewController.swift */; };
		0AEE8EB72896A9DF0050142B /* UIColorExtensions.swift in Sources */ = {isa = PBXBuildFile; fileRef = 0AEE8EB62896A9DF0050142B /* UIColorExtensions.swift */; };
		0AEE8EB92896AB830050142B /* ProgressHUD.swift in Sources */ = {isa = PBXBuildFile; fileRef = 0AEE8EB82896AB830050142B /* ProgressHUD.swift */; };
		0AEE8EBB2896ABA10050142B /* Toast.swift in Sources */ = {isa = PBXBuildFile; fileRef = 0AEE8EBA2896ABA10050142B /* Toast.swift */; };
		0AEE8EBD2896ABFB0050142B /* StringsExtension.swift in Sources */ = {isa = PBXBuildFile; fileRef = 0AEE8EBC2896ABFB0050142B /* StringsExtension.swift */; };
		450C75DECB4FAFE1177F2F1F /* Pods_MEMTests.framework in Frameworks */ = {isa = PBXBuildFile; fileRef = F6CE167C864C13B5F4DA813C /* Pods_MEMTests.framework */; };
		731DA5DD9FBA72F5B48C4AC1 /* Pods_MEM_MEMUITests.framework in Frameworks */ = {isa = PBXBuildFile; fileRef = 05BC7E0FA1E53108DA73D16D /* Pods_MEM_MEMUITests.framework */; };
		8916D6892ADAA7A7254CE6E7 /* Pods_MEM.framework in Frameworks */ = {isa = PBXBuildFile; fileRef = C8E91000F4E806257FDAFA19 /* Pods_MEM.framework */; };
/* End PBXBuildFile section */

/* Begin PBXContainerItemProxy section */
		0A994927288EB0BF00C46948 /* PBXContainerItemProxy */ = {
			isa = PBXContainerItemProxy;
			containerPortal = 0A994908288EB0BD00C46948 /* Project object */;
			proxyType = 1;
			remoteGlobalIDString = 0A99490F288EB0BD00C46948;
			remoteInfo = MEM;
		};
		0A994931288EB0BF00C46948 /* PBXContainerItemProxy */ = {
			isa = PBXContainerItemProxy;
			containerPortal = 0A994908288EB0BD00C46948 /* Project object */;
			proxyType = 1;
			remoteGlobalIDString = 0A99490F288EB0BD00C46948;
			remoteInfo = MEM;
		};
/* End PBXContainerItemProxy section */

/* Begin PBXFileReference section */
		05BC7E0FA1E53108DA73D16D /* Pods_MEM_MEMUITests.framework */ = {isa = PBXFileReference; explicitFileType = wrapper.framework; includeInIndex = 0; path = Pods_MEM_MEMUITests.framework; sourceTree = BUILT_PRODUCTS_DIR; };
		0A06DFCD288FF1830008A71E /* RegisterVC.swift */ = {isa = PBXFileReference; lastKnownFileType = sourcecode.swift; path = RegisterVC.swift; sourceTree = "<group>"; };
		0A994910288EB0BD00C46948 /* MEM.app */ = {isa = PBXFileReference; explicitFileType = wrapper.application; includeInIndex = 0; path = MEM.app; sourceTree = BUILT_PRODUCTS_DIR; };
		0A994913288EB0BD00C46948 /* AppDelegate.swift */ = {isa = PBXFileReference; lastKnownFileType = sourcecode.swift; path = AppDelegate.swift; sourceTree = "<group>"; };
		0A994917288EB0BD00C46948 /* WelcomeVC.swift */ = {isa = PBXFileReference; lastKnownFileType = sourcecode.swift; path = WelcomeVC.swift; sourceTree = "<group>"; };
		0A99491A288EB0BD00C46948 /* Base */ = {isa = PBXFileReference; lastKnownFileType = file.storyboard; name = Base; path = Base.lproj/Main.storyboard; sourceTree = "<group>"; };
		0A99491C288EB0BF00C46948 /* Assets.xcassets */ = {isa = PBXFileReference; lastKnownFileType = folder.assetcatalog; path = Assets.xcassets; sourceTree = "<group>"; };
		0A99491F288EB0BF00C46948 /* Base */ = {isa = PBXFileReference; lastKnownFileType = file.storyboard; name = Base; path = Base.lproj/LaunchScreen.storyboard; sourceTree = "<group>"; };
		0A994921288EB0BF00C46948 /* Info.plist */ = {isa = PBXFileReference; lastKnownFileType = text.plist.xml; path = Info.plist; sourceTree = "<group>"; };
		0A994926288EB0BF00C46948 /* MEMTests.xctest */ = {isa = PBXFileReference; explicitFileType = wrapper.cfbundle; includeInIndex = 0; path = MEMTests.xctest; sourceTree = BUILT_PRODUCTS_DIR; };
		0A99492A288EB0BF00C46948 /* MEMTests.swift */ = {isa = PBXFileReference; lastKnownFileType = sourcecode.swift; path = MEMTests.swift; sourceTree = "<group>"; };
		0A994930288EB0BF00C46948 /* MEMUITests.xctest */ = {isa = PBXFileReference; explicitFileType = wrapper.cfbundle; includeInIndex = 0; path = MEMUITests.xctest; sourceTree = BUILT_PRODUCTS_DIR; };
		0A994934288EB0BF00C46948 /* MEMUITests.swift */ = {isa = PBXFileReference; lastKnownFileType = sourcecode.swift; path = MEMUITests.swift; sourceTree = "<group>"; };
		0A994936288EB0BF00C46948 /* MEMUITestsLaunchTests.swift */ = {isa = PBXFileReference; lastKnownFileType = sourcecode.swift; path = MEMUITestsLaunchTests.swift; sourceTree = "<group>"; };
		0A99494B288EE37700C46948 /* UIExtensions.swift */ = {isa = PBXFileReference; lastKnownFileType = sourcecode.swift; path = UIExtensions.swift; sourceTree = "<group>"; };
		0A99494F288F283C00C46948 /* LoginVC.swift */ = {isa = PBXFileReference; lastKnownFileType = sourcecode.swift; path = LoginVC.swift; sourceTree = "<group>"; };
		0AEE8EB22896A0CB0050142B /* GoogleService-Info.plist */ = {isa = PBXFileReference; fileEncoding = 4; lastKnownFileType = text.plist.xml; path = "GoogleService-Info.plist"; sourceTree = "<group>"; };
		0AEE8EB42896A9780050142B /* AlertViewController.swift */ = {isa = PBXFileReference; lastKnownFileType = sourcecode.swift; path = AlertViewController.swift; sourceTree = "<group>"; };
		0AEE8EB62896A9DF0050142B /* UIColorExtensions.swift */ = {isa = PBXFileReference; lastKnownFileType = sourcecode.swift; path = UIColorExtensions.swift; sourceTree = "<group>"; };
		0AEE8EB82896AB830050142B /* ProgressHUD.swift */ = {isa = PBXFileReference; lastKnownFileType = sourcecode.swift; path = ProgressHUD.swift; sourceTree = "<group>"; };
		0AEE8EBA2896ABA10050142B /* Toast.swift */ = {isa = PBXFileReference; lastKnownFileType = sourcecode.swift; path = Toast.swift; sourceTree = "<group>"; };
		0AEE8EBC2896ABFB0050142B /* StringsExtension.swift */ = {isa = PBXFileReference; lastKnownFileType = sourcecode.swift; path = StringsExtension.swift; sourceTree = "<group>"; };
		3922E10891118DB11695ACF3 /* Pods-MEMTests.debug.xcconfig */ = {isa = PBXFileReference; includeInIndex = 1; lastKnownFileType = text.xcconfig; name = "Pods-MEMTests.debug.xcconfig"; path = "Target Support Files/Pods-MEMTests/Pods-MEMTests.debug.xcconfig"; sourceTree = "<group>"; };
		582D65507ED8D66319082315 /* Pods-MEM.debug.xcconfig */ = {isa = PBXFileReference; includeInIndex = 1; lastKnownFileType = text.xcconfig; name = "Pods-MEM.debug.xcconfig"; path = "Target Support Files/Pods-MEM/Pods-MEM.debug.xcconfig"; sourceTree = "<group>"; };
		971D28CD4256D23CE462D785 /* Pods-MEM.release.xcconfig */ = {isa = PBXFileReference; includeInIndex = 1; lastKnownFileType = text.xcconfig; name = "Pods-MEM.release.xcconfig"; path = "Target Support Files/Pods-MEM/Pods-MEM.release.xcconfig"; sourceTree = "<group>"; };
		9FB128B8E19CB5604CE93EB4 /* Pods-MEM-MEMUITests.debug.xcconfig */ = {isa = PBXFileReference; includeInIndex = 1; lastKnownFileType = text.xcconfig; name = "Pods-MEM-MEMUITests.debug.xcconfig"; path = "Target Support Files/Pods-MEM-MEMUITests/Pods-MEM-MEMUITests.debug.xcconfig"; sourceTree = "<group>"; };
		AC4F1E1030E1CAB1976A7845 /* Pods-MEMTests.release.xcconfig */ = {isa = PBXFileReference; includeInIndex = 1; lastKnownFileType = text.xcconfig; name = "Pods-MEMTests.release.xcconfig"; path = "Target Support Files/Pods-MEMTests/Pods-MEMTests.release.xcconfig"; sourceTree = "<group>"; };
		B697495B7C33841109F01E16 /* Pods-MEM-MEMUITests.release.xcconfig */ = {isa = PBXFileReference; includeInIndex = 1; lastKnownFileType = text.xcconfig; name = "Pods-MEM-MEMUITests.release.xcconfig"; path = "Target Support Files/Pods-MEM-MEMUITests/Pods-MEM-MEMUITests.release.xcconfig"; sourceTree = "<group>"; };
		C8E91000F4E806257FDAFA19 /* Pods_MEM.framework */ = {isa = PBXFileReference; explicitFileType = wrapper.framework; includeInIndex = 0; path = Pods_MEM.framework; sourceTree = BUILT_PRODUCTS_DIR; };
		F6CE167C864C13B5F4DA813C /* Pods_MEMTests.framework */ = {isa = PBXFileReference; explicitFileType = wrapper.framework; includeInIndex = 0; path = Pods_MEMTests.framework; sourceTree = BUILT_PRODUCTS_DIR; };
/* End PBXFileReference section */

/* Begin PBXFrameworksBuildPhase section */
		0A99490D288EB0BD00C46948 /* Frameworks */ = {
			isa = PBXFrameworksBuildPhase;
			buildActionMask = 2147483647;
			files = (
				8916D6892ADAA7A7254CE6E7 /* Pods_MEM.framework in Frameworks */,
			);
			runOnlyForDeploymentPostprocessing = 0;
		};
		0A994923288EB0BF00C46948 /* Frameworks */ = {
			isa = PBXFrameworksBuildPhase;
			buildActionMask = 2147483647;
			files = (
				450C75DECB4FAFE1177F2F1F /* Pods_MEMTests.framework in Frameworks */,
			);
			runOnlyForDeploymentPostprocessing = 0;
		};
		0A99492D288EB0BF00C46948 /* Frameworks */ = {
			isa = PBXFrameworksBuildPhase;
			buildActionMask = 2147483647;
			files = (
				731DA5DD9FBA72F5B48C4AC1 /* Pods_MEM_MEMUITests.framework in Frameworks */,
			);
			runOnlyForDeploymentPostprocessing = 0;
		};
/* End PBXFrameworksBuildPhase section */

/* Begin PBXGroup section */
		0A0A240C28969B850006AF9A /* System */ = {
			isa = PBXGroup;
			children = (
				0A994913288EB0BD00C46948 /* AppDelegate.swift */,
				0A99491C288EB0BF00C46948 /* Assets.xcassets */,
				0A994921288EB0BF00C46948 /* Info.plist */,
				0AEE8EB22896A0CB0050142B /* GoogleService-Info.plist */,
			);
			path = System;
			sourceTree = "<group>";
		};
		0A994907288EB0BD00C46948 = {
			isa = PBXGroup;
			children = (
				0A994912288EB0BD00C46948 /* MEM */,
				0A994929288EB0BF00C46948 /* MEMTests */,
				0A994933288EB0BF00C46948 /* MEMUITests */,
				0A994911288EB0BD00C46948 /* Products */,
				B037BC200A97C749D901B833 /* Pods */,
				B053F862FDC6ADDFC881BC8B /* Frameworks */,
			);
			sourceTree = "<group>";
		};
		0A994911288EB0BD00C46948 /* Products */ = {
			isa = PBXGroup;
			children = (
				0A994910288EB0BD00C46948 /* MEM.app */,
				0A994926288EB0BF00C46948 /* MEMTests.xctest */,
				0A994930288EB0BF00C46948 /* MEMUITests.xctest */,
			);
			name = Products;
			sourceTree = "<group>";
		};
		0A994912288EB0BD00C46948 /* MEM */ = {
			isa = PBXGroup;
			children = (
				0A0A240C28969B850006AF9A /* System */,
				0A99494A288EE36800C46948 /* Helper */,
				0A994947288EBD2500C46948 /* StoryBoards */,
				0A994946288EBD1C00C46948 /* Controller */,
				0A994945288EBD1600C46948 /* View */,
				0A994944288EBD0900C46948 /* Model */,
			);
			path = MEM;
			sourceTree = "<group>";
		};
		0A994929288EB0BF00C46948 /* MEMTests */ = {
			isa = PBXGroup;
			children = (
				0A99492A288EB0BF00C46948 /* MEMTests.swift */,
			);
			path = MEMTests;
			sourceTree = "<group>";
		};
		0A994933288EB0BF00C46948 /* MEMUITests */ = {
			isa = PBXGroup;
			children = (
				0A994934288EB0BF00C46948 /* MEMUITests.swift */,
				0A994936288EB0BF00C46948 /* MEMUITestsLaunchTests.swift */,
			);
			path = MEMUITests;
			sourceTree = "<group>";
		};
		0A994944288EBD0900C46948 /* Model */ = {
			isa = PBXGroup;
			children = (
			);
			path = Model;
			sourceTree = "<group>";
		};
		0A994945288EBD1600C46948 /* View */ = {
			isa = PBXGroup;
			children = (
			);
			path = View;
			sourceTree = "<group>";
		};
		0A994946288EBD1C00C46948 /* Controller */ = {
			isa = PBXGroup;
			children = (
				0A994917288EB0BD00C46948 /* WelcomeVC.swift */,
				0A99494F288F283C00C46948 /* LoginVC.swift */,
				0A06DFCD288FF1830008A71E /* RegisterVC.swift */,
			);
			path = Controller;
			sourceTree = "<group>";
		};
		0A994947288EBD2500C46948 /* StoryBoards */ = {
			isa = PBXGroup;
			children = (
				0A99491E288EB0BF00C46948 /* LaunchScreen.storyboard */,
				0A994919288EB0BD00C46948 /* Main.storyboard */,
			);
			path = StoryBoards;
			sourceTree = "<group>";
		};
		0A99494A288EE36800C46948 /* Helper */ = {
			isa = PBXGroup;
			children = (
				0A99494B288EE37700C46948 /* UIExtensions.swift */,
				0AEE8EB42896A9780050142B /* AlertViewController.swift */,
				0AEE8EB62896A9DF0050142B /* UIColorExtensions.swift */,
				0AEE8EB82896AB830050142B /* ProgressHUD.swift */,
				0AEE8EBA2896ABA10050142B /* Toast.swift */,
				0AEE8EBC2896ABFB0050142B /* StringsExtension.swift */,
			);
			path = Helper;
			sourceTree = "<group>";
		};
		B037BC200A97C749D901B833 /* Pods */ = {
			isa = PBXGroup;
			children = (
				582D65507ED8D66319082315 /* Pods-MEM.debug.xcconfig */,
				971D28CD4256D23CE462D785 /* Pods-MEM.release.xcconfig */,
				9FB128B8E19CB5604CE93EB4 /* Pods-MEM-MEMUITests.debug.xcconfig */,
				B697495B7C33841109F01E16 /* Pods-MEM-MEMUITests.release.xcconfig */,
				3922E10891118DB11695ACF3 /* Pods-MEMTests.debug.xcconfig */,
				AC4F1E1030E1CAB1976A7845 /* Pods-MEMTests.release.xcconfig */,
			);
			path = Pods;
			sourceTree = "<group>";
		};
		B053F862FDC6ADDFC881BC8B /* Frameworks */ = {
			isa = PBXGroup;
			children = (
				C8E91000F4E806257FDAFA19 /* Pods_MEM.framework */,
				05BC7E0FA1E53108DA73D16D /* Pods_MEM_MEMUITests.framework */,
				F6CE167C864C13B5F4DA813C /* Pods_MEMTests.framework */,
			);
			name = Frameworks;
			sourceTree = "<group>";
		};
/* End PBXGroup section */

/* Begin PBXNativeTarget section */
		0A99490F288EB0BD00C46948 /* MEM */ = {
			isa = PBXNativeTarget;
			buildConfigurationList = 0A99493A288EB0BF00C46948 /* Build configuration list for PBXNativeTarget "MEM" */;
			buildPhases = (
				4DE17EE3A7C309E77AE44943 /* [CP] Check Pods Manifest.lock */,
				0A99490C288EB0BD00C46948 /* Sources */,
				0A99490D288EB0BD00C46948 /* Frameworks */,
				0A99490E288EB0BD00C46948 /* Resources */,
				0D16B73C5FBA5A9D2FB72855 /* [CP] Embed Pods Frameworks */,
			);
			buildRules = (
			);
			dependencies = (
			);
			name = MEM;
			productName = MEM;
			productReference = 0A994910288EB0BD00C46948 /* MEM.app */;
			productType = "com.apple.product-type.application";
		};
		0A994925288EB0BF00C46948 /* MEMTests */ = {
			isa = PBXNativeTarget;
			buildConfigurationList = 0A99493D288EB0BF00C46948 /* Build configuration list for PBXNativeTarget "MEMTests" */;
			buildPhases = (
				6D631566E4A5C294AD6FE77F /* [CP] Check Pods Manifest.lock */,
				0A994922288EB0BF00C46948 /* Sources */,
				0A994923288EB0BF00C46948 /* Frameworks */,
				0A994924288EB0BF00C46948 /* Resources */,
			);
			buildRules = (
			);
			dependencies = (
				0A994928288EB0BF00C46948 /* PBXTargetDependency */,
			);
			name = MEMTests;
			productName = MEMTests;
			productReference = 0A994926288EB0BF00C46948 /* MEMTests.xctest */;
			productType = "com.apple.product-type.bundle.unit-test";
		};
		0A99492F288EB0BF00C46948 /* MEMUITests */ = {
			isa = PBXNativeTarget;
			buildConfigurationList = 0A994940288EB0BF00C46948 /* Build configuration list for PBXNativeTarget "MEMUITests" */;
			buildPhases = (
				6A68106AD024B112FB594315 /* [CP] Check Pods Manifest.lock */,
				0A99492C288EB0BF00C46948 /* Sources */,
				0A99492D288EB0BF00C46948 /* Frameworks */,
				0A99492E288EB0BF00C46948 /* Resources */,
				CD34EC58F5D30C3D4B510711 /* [CP] Embed Pods Frameworks */,
			);
			buildRules = (
			);
			dependencies = (
				0A994932288EB0BF00C46948 /* PBXTargetDependency */,
			);
			name = MEMUITests;
			productName = MEMUITests;
			productReference = 0A994930288EB0BF00C46948 /* MEMUITests.xctest */;
			productType = "com.apple.product-type.bundle.ui-testing";
		};
/* End PBXNativeTarget section */

/* Begin PBXProject section */
		0A994908288EB0BD00C46948 /* Project object */ = {
			isa = PBXProject;
			attributes = {
				BuildIndependentTargetsInParallel = 1;
				LastSwiftUpdateCheck = 1340;
				LastUpgradeCheck = 1340;
				TargetAttributes = {
					0A99490F288EB0BD00C46948 = {
						CreatedOnToolsVersion = 13.4.1;
					};
					0A994925288EB0BF00C46948 = {
						CreatedOnToolsVersion = 13.4.1;
						TestTargetID = 0A99490F288EB0BD00C46948;
					};
					0A99492F288EB0BF00C46948 = {
						CreatedOnToolsVersion = 13.4.1;
						TestTargetID = 0A99490F288EB0BD00C46948;
					};
				};
			};
			buildConfigurationList = 0A99490B288EB0BD00C46948 /* Build configuration list for PBXProject "MEM" */;
			compatibilityVersion = "Xcode 13.0";
			developmentRegion = en;
			hasScannedForEncodings = 0;
			knownRegions = (
				en,
				Base,
			);
			mainGroup = 0A994907288EB0BD00C46948;
			productRefGroup = 0A994911288EB0BD00C46948 /* Products */;
			projectDirPath = "";
			projectRoot = "";
			targets = (
				0A99490F288EB0BD00C46948 /* MEM */,
				0A994925288EB0BF00C46948 /* MEMTests */,
				0A99492F288EB0BF00C46948 /* MEMUITests */,
			);
		};
/* End PBXProject section */

/* Begin PBXResourcesBuildPhase section */
		0A99490E288EB0BD00C46948 /* Resources */ = {
			isa = PBXResourcesBuildPhase;
			buildActionMask = 2147483647;
			files = (
				0A994920288EB0BF00C46948 /* LaunchScreen.storyboard in Resources */,
				0AEE8EB32896A0CB0050142B /* GoogleService-Info.plist in Resources */,
				0A99491D288EB0BF00C46948 /* Assets.xcassets in Resources */,
				0A99491B288EB0BD00C46948 /* Main.storyboard in Resources */,
			);
			runOnlyForDeploymentPostprocessing = 0;
		};
		0A994924288EB0BF00C46948 /* Resources */ = {
			isa = PBXResourcesBuildPhase;
			buildActionMask = 2147483647;
			files = (
			);
			runOnlyForDeploymentPostprocessing = 0;
		};
		0A99492E288EB0BF00C46948 /* Resources */ = {
			isa = PBXResourcesBuildPhase;
			buildActionMask = 2147483647;
			files = (
			);
			runOnlyForDeploymentPostprocessing = 0;
		};
/* End PBXResourcesBuildPhase section */

/* Begin PBXShellScriptBuildPhase section */
		0D16B73C5FBA5A9D2FB72855 /* [CP] Embed Pods Frameworks */ = {
			isa = PBXShellScriptBuildPhase;
			buildActionMask = 2147483647;
			files = (
			);
			inputFileListPaths = (
				"${PODS_ROOT}/Target Support Files/Pods-MEM/Pods-MEM-frameworks-${CONFIGURATION}-input-files.xcfilelist",
			);
			name = "[CP] Embed Pods Frameworks";
			outputFileListPaths = (
				"${PODS_ROOT}/Target Support Files/Pods-MEM/Pods-MEM-frameworks-${CONFIGURATION}-output-files.xcfilelist",
			);
			runOnlyForDeploymentPostprocessing = 0;
			shellPath = /bin/sh;
			shellScript = "\"${PODS_ROOT}/Target Support Files/Pods-MEM/Pods-MEM-frameworks.sh\"\n";
			showEnvVarsInLog = 0;
		};
		4DE17EE3A7C309E77AE44943 /* [CP] Check Pods Manifest.lock */ = {
			isa = PBXShellScriptBuildPhase;
			buildActionMask = 2147483647;
			files = (
			);
			inputFileListPaths = (
			);
			inputPaths = (
				"${PODS_PODFILE_DIR_PATH}/Podfile.lock",
				"${PODS_ROOT}/Manifest.lock",
			);
			name = "[CP] Check Pods Manifest.lock";
			outputFileListPaths = (
			);
			outputPaths = (
				"$(DERIVED_FILE_DIR)/Pods-MEM-checkManifestLockResult.txt",
			);
			runOnlyForDeploymentPostprocessing = 0;
			shellPath = /bin/sh;
			shellScript = "diff \"${PODS_PODFILE_DIR_PATH}/Podfile.lock\" \"${PODS_ROOT}/Manifest.lock\" > /dev/null\nif [ $? != 0 ] ; then\n    # print error to STDERR\n    echo \"error: The sandbox is not in sync with the Podfile.lock. Run 'pod install' or update your CocoaPods installation.\" >&2\n    exit 1\nfi\n# This output is used by Xcode 'outputs' to avoid re-running this script phase.\necho \"SUCCESS\" > \"${SCRIPT_OUTPUT_FILE_0}\"\n";
			showEnvVarsInLog = 0;
		};
		6A68106AD024B112FB594315 /* [CP] Check Pods Manifest.lock */ = {
			isa = PBXShellScriptBuildPhase;
			buildActionMask = 2147483647;
			files = (
			);
			inputFileListPaths = (
			);
			inputPaths = (
				"${PODS_PODFILE_DIR_PATH}/Podfile.lock",
				"${PODS_ROOT}/Manifest.lock",
			);
			name = "[CP] Check Pods Manifest.lock";
			outputFileListPaths = (
			);
			outputPaths = (
				"$(DERIVED_FILE_DIR)/Pods-MEM-MEMUITests-checkManifestLockResult.txt",
			);
			runOnlyForDeploymentPostprocessing = 0;
			shellPath = /bin/sh;
			shellScript = "diff \"${PODS_PODFILE_DIR_PATH}/Podfile.lock\" \"${PODS_ROOT}/Manifest.lock\" > /dev/null\nif [ $? != 0 ] ; then\n    # print error to STDERR\n    echo \"error: The sandbox is not in sync with the Podfile.lock. Run 'pod install' or update your CocoaPods installation.\" >&2\n    exit 1\nfi\n# This output is used by Xcode 'outputs' to avoid re-running this script phase.\necho \"SUCCESS\" > \"${SCRIPT_OUTPUT_FILE_0}\"\n";
			showEnvVarsInLog = 0;
		};
		6D631566E4A5C294AD6FE77F /* [CP] Check Pods Manifest.lock */ = {
			isa = PBXShellScriptBuildPhase;
			buildActionMask = 2147483647;
			files = (
			);
			inputFileListPaths = (
			);
			inputPaths = (
				"${PODS_PODFILE_DIR_PATH}/Podfile.lock",
				"${PODS_ROOT}/Manifest.lock",
			);
			name = "[CP] Check Pods Manifest.lock";
			outputFileListPaths = (
			);
			outputPaths = (
				"$(DERIVED_FILE_DIR)/Pods-MEMTests-checkManifestLockResult.txt",
			);
			runOnlyForDeploymentPostprocessing = 0;
			shellPath = /bin/sh;
			shellScript = "diff \"${PODS_PODFILE_DIR_PATH}/Podfile.lock\" \"${PODS_ROOT}/Manifest.lock\" > /dev/null\nif [ $? != 0 ] ; then\n    # print error to STDERR\n    echo \"error: The sandbox is not in sync with the Podfile.lock. Run 'pod install' or update your CocoaPods installation.\" >&2\n    exit 1\nfi\n# This output is used by Xcode 'outputs' to avoid re-running this script phase.\necho \"SUCCESS\" > \"${SCRIPT_OUTPUT_FILE_0}\"\n";
			showEnvVarsInLog = 0;
		};
		CD34EC58F5D30C3D4B510711 /* [CP] Embed Pods Frameworks */ = {
			isa = PBXShellScriptBuildPhase;
			buildActionMask = 2147483647;
			files = (
			);
			inputFileListPaths = (
				"${PODS_ROOT}/Target Support Files/Pods-MEM-MEMUITests/Pods-MEM-MEMUITests-frameworks-${CONFIGURATION}-input-files.xcfilelist",
			);
			name = "[CP] Embed Pods Frameworks";
			outputFileListPaths = (
				"${PODS_ROOT}/Target Support Files/Pods-MEM-MEMUITests/Pods-MEM-MEMUITests-frameworks-${CONFIGURATION}-output-files.xcfilelist",
			);
			runOnlyForDeploymentPostprocessing = 0;
			shellPath = /bin/sh;
			shellScript = "\"${PODS_ROOT}/Target Support Files/Pods-MEM-MEMUITests/Pods-MEM-MEMUITests-frameworks.sh\"\n";
			showEnvVarsInLog = 0;
		};
/* End PBXShellScriptBuildPhase section */

/* Begin PBXSourcesBuildPhase section */
		0A99490C288EB0BD00C46948 /* Sources */ = {
			isa = PBXSourcesBuildPhase;
			buildActionMask = 2147483647;
			files = (
				0A994918288EB0BD00C46948 /* WelcomeVC.swift in Sources */,
				0AEE8EB52896A9780050142B /* AlertViewController.swift in Sources */,
				0AEE8EB92896AB830050142B /* ProgressHUD.swift in Sources */,
				0A994914288EB0BD00C46948 /* AppDelegate.swift in Sources */,
				0A06DFCE288FF1830008A71E /* RegisterVC.swift in Sources */,
				0AEE8EBD2896ABFB0050142B /* StringsExtension.swift in Sources */,
				0A99494C288EE37700C46948 /* UIExtensions.swift in Sources */,
				0AEE8EBB2896ABA10050142B /* Toast.swift in Sources */,
				0A994950288F283C00C46948 /* LoginVC.swift in Sources */,
				0AEE8EB72896A9DF0050142B /* UIColorExtensions.swift in Sources */,
			);
			runOnlyForDeploymentPostprocessing = 0;
		};
		0A994922288EB0BF00C46948 /* Sources */ = {
			isa = PBXSourcesBuildPhase;
			buildActionMask = 2147483647;
			files = (
				0A99492B288EB0BF00C46948 /* MEMTests.swift in Sources */,
			);
			runOnlyForDeploymentPostprocessing = 0;
		};
		0A99492C288EB0BF00C46948 /* Sources */ = {
			isa = PBXSourcesBuildPhase;
			buildActionMask = 2147483647;
			files = (
				0A994937288EB0BF00C46948 /* MEMUITestsLaunchTests.swift in Sources */,
				0A994935288EB0BF00C46948 /* MEMUITests.swift in Sources */,
			);
			runOnlyForDeploymentPostprocessing = 0;
		};
/* End PBXSourcesBuildPhase section */

/* Begin PBXTargetDependency section */
		0A994928288EB0BF00C46948 /* PBXTargetDependency */ = {
			isa = PBXTargetDependency;
			target = 0A99490F288EB0BD00C46948 /* MEM */;
			targetProxy = 0A994927288EB0BF00C46948 /* PBXContainerItemProxy */;
		};
		0A994932288EB0BF00C46948 /* PBXTargetDependency */ = {
			isa = PBXTargetDependency;
			target = 0A99490F288EB0BD00C46948 /* MEM */;
			targetProxy = 0A994931288EB0BF00C46948 /* PBXContainerItemProxy */;
		};
/* End PBXTargetDependency section */

/* Begin PBXVariantGroup section */
		0A994919288EB0BD00C46948 /* Main.storyboard */ = {
			isa = PBXVariantGroup;
			children = (
				0A99491A288EB0BD00C46948 /* Base */,
			);
			name = Main.storyboard;
			sourceTree = "<group>";
		};
		0A99491E288EB0BF00C46948 /* LaunchScreen.storyboard */ = {
			isa = PBXVariantGroup;
			children = (
				0A99491F288EB0BF00C46948 /* Base */,
			);
			name = LaunchScreen.storyboard;
			sourceTree = "<group>";
		};
/* End PBXVariantGroup section */

/* Begin XCBuildConfiguration section */
		0A994938288EB0BF00C46948 /* Debug */ = {
			isa = XCBuildConfiguration;
			buildSettings = {
				ALWAYS_SEARCH_USER_PATHS = NO;
				CLANG_ANALYZER_NONNULL = YES;
				CLANG_ANALYZER_NUMBER_OBJECT_CONVERSION = YES_AGGRESSIVE;
				CLANG_CXX_LANGUAGE_STANDARD = "gnu++17";
				CLANG_ENABLE_MODULES = YES;
				CLANG_ENABLE_OBJC_ARC = YES;
				CLANG_ENABLE_OBJC_WEAK = YES;
				CLANG_WARN_BLOCK_CAPTURE_AUTORELEASING = YES;
				CLANG_WARN_BOOL_CONVERSION = YES;
				CLANG_WARN_COMMA = YES;
				CLANG_WARN_CONSTANT_CONVERSION = YES;
				CLANG_WARN_DEPRECATED_OBJC_IMPLEMENTATIONS = YES;
				CLANG_WARN_DIRECT_OBJC_ISA_USAGE = YES_ERROR;
				CLANG_WARN_DOCUMENTATION_COMMENTS = YES;
				CLANG_WARN_EMPTY_BODY = YES;
				CLANG_WARN_ENUM_CONVERSION = YES;
				CLANG_WARN_INFINITE_RECURSION = YES;
				CLANG_WARN_INT_CONVERSION = YES;
				CLANG_WARN_NON_LITERAL_NULL_CONVERSION = YES;
				CLANG_WARN_OBJC_IMPLICIT_RETAIN_SELF = YES;
				CLANG_WARN_OBJC_LITERAL_CONVERSION = YES;
				CLANG_WARN_OBJC_ROOT_CLASS = YES_ERROR;
				CLANG_WARN_QUOTED_INCLUDE_IN_FRAMEWORK_HEADER = YES;
				CLANG_WARN_RANGE_LOOP_ANALYSIS = YES;
				CLANG_WARN_STRICT_PROTOTYPES = YES;
				CLANG_WARN_SUSPICIOUS_MOVE = YES;
				CLANG_WARN_UNGUARDED_AVAILABILITY = YES_AGGRESSIVE;
				CLANG_WARN_UNREACHABLE_CODE = YES;
				CLANG_WARN__DUPLICATE_METHOD_MATCH = YES;
				COPY_PHASE_STRIP = NO;
				DEBUG_INFORMATION_FORMAT = dwarf;
				ENABLE_STRICT_OBJC_MSGSEND = YES;
				ENABLE_TESTABILITY = YES;
				GCC_C_LANGUAGE_STANDARD = gnu11;
				GCC_DYNAMIC_NO_PIC = NO;
				GCC_NO_COMMON_BLOCKS = YES;
				GCC_OPTIMIZATION_LEVEL = 0;
				GCC_PREPROCESSOR_DEFINITIONS = (
					"DEBUG=1",
					"$(inherited)",
				);
				GCC_WARN_64_TO_32_BIT_CONVERSION = YES;
				GCC_WARN_ABOUT_RETURN_TYPE = YES_ERROR;
				GCC_WARN_UNDECLARED_SELECTOR = YES;
				GCC_WARN_UNINITIALIZED_AUTOS = YES_AGGRESSIVE;
				GCC_WARN_UNUSED_FUNCTION = YES;
				GCC_WARN_UNUSED_VARIABLE = YES;
				IPHONEOS_DEPLOYMENT_TARGET = 15.5;
				MTL_ENABLE_DEBUG_INFO = INCLUDE_SOURCE;
				MTL_FAST_MATH = YES;
				ONLY_ACTIVE_ARCH = YES;
				SDKROOT = iphoneos;
				SWIFT_ACTIVE_COMPILATION_CONDITIONS = DEBUG;
				SWIFT_OPTIMIZATION_LEVEL = "-Onone";
			};
			name = Debug;
		};
		0A994939288EB0BF00C46948 /* Release */ = {
			isa = XCBuildConfiguration;
			buildSettings = {
				ALWAYS_SEARCH_USER_PATHS = NO;
				CLANG_ANALYZER_NONNULL = YES;
				CLANG_ANALYZER_NUMBER_OBJECT_CONVERSION = YES_AGGRESSIVE;
				CLANG_CXX_LANGUAGE_STANDARD = "gnu++17";
				CLANG_ENABLE_MODULES = YES;
				CLANG_ENABLE_OBJC_ARC = YES;
				CLANG_ENABLE_OBJC_WEAK = YES;
				CLANG_WARN_BLOCK_CAPTURE_AUTORELEASING = YES;
				CLANG_WARN_BOOL_CONVERSION = YES;
				CLANG_WARN_COMMA = YES;
				CLANG_WARN_CONSTANT_CONVERSION = YES;
				CLANG_WARN_DEPRECATED_OBJC_IMPLEMENTATIONS = YES;
				CLANG_WARN_DIRECT_OBJC_ISA_USAGE = YES_ERROR;
				CLANG_WARN_DOCUMENTATION_COMMENTS = YES;
				CLANG_WARN_EMPTY_BODY = YES;
				CLANG_WARN_ENUM_CONVERSION = YES;
				CLANG_WARN_INFINITE_RECURSION = YES;
				CLANG_WARN_INT_CONVERSION = YES;
				CLANG_WARN_NON_LITERAL_NULL_CONVERSION = YES;
				CLANG_WARN_OBJC_IMPLICIT_RETAIN_SELF = YES;
				CLANG_WARN_OBJC_LITERAL_CONVERSION = YES;
				CLANG_WARN_OBJC_ROOT_CLASS = YES_ERROR;
				CLANG_WARN_QUOTED_INCLUDE_IN_FRAMEWORK_HEADER = YES;
				CLANG_WARN_RANGE_LOOP_ANALYSIS = YES;
				CLANG_WARN_STRICT_PROTOTYPES = YES;
				CLANG_WARN_SUSPICIOUS_MOVE = YES;
				CLANG_WARN_UNGUARDED_AVAILABILITY = YES_AGGRESSIVE;
				CLANG_WARN_UNREACHABLE_CODE = YES;
				CLANG_WARN__DUPLICATE_METHOD_MATCH = YES;
				COPY_PHASE_STRIP = NO;
				DEBUG_INFORMATION_FORMAT = "dwarf-with-dsym";
				ENABLE_NS_ASSERTIONS = NO;
				ENABLE_STRICT_OBJC_MSGSEND = YES;
				GCC_C_LANGUAGE_STANDARD = gnu11;
				GCC_NO_COMMON_BLOCKS = YES;
				GCC_WARN_64_TO_32_BIT_CONVERSION = YES;
				GCC_WARN_ABOUT_RETURN_TYPE = YES_ERROR;
				GCC_WARN_UNDECLARED_SELECTOR = YES;
				GCC_WARN_UNINITIALIZED_AUTOS = YES_AGGRESSIVE;
				GCC_WARN_UNUSED_FUNCTION = YES;
				GCC_WARN_UNUSED_VARIABLE = YES;
				IPHONEOS_DEPLOYMENT_TARGET = 15.5;
				MTL_ENABLE_DEBUG_INFO = NO;
				MTL_FAST_MATH = YES;
				SDKROOT = iphoneos;
				SWIFT_COMPILATION_MODE = wholemodule;
				SWIFT_OPTIMIZATION_LEVEL = "-O";
				VALIDATE_PRODUCT = YES;
			};
			name = Release;
		};
		0A99493B288EB0BF00C46948 /* Debug */ = {
			isa = XCBuildConfiguration;
			baseConfigurationReference = 582D65507ED8D66319082315 /* Pods-MEM.debug.xcconfig */;
			buildSettings = {
				ASSETCATALOG_COMPILER_APPICON_NAME = AppIcon;
				ASSETCATALOG_COMPILER_GLOBAL_ACCENT_COLOR_NAME = AccentColor;
				CODE_SIGN_STYLE = Automatic;
				CURRENT_PROJECT_VERSION = 1;
				DEVELOPMENT_TEAM = A9DQP4DQ7K;
				GENERATE_INFOPLIST_FILE = YES;
				INFOPLIST_FILE = MEM/System/Info.plist;
				INFOPLIST_KEY_UIApplicationSupportsIndirectInputEvents = YES;
				INFOPLIST_KEY_UILaunchStoryboardName = LaunchScreen;
				INFOPLIST_KEY_UIMainStoryboardFile = Main;
				INFOPLIST_KEY_UISupportedInterfaceOrientations_iPad = "UIInterfaceOrientationPortrait UIInterfaceOrientationPortraitUpsideDown UIInterfaceOrientationLandscapeLeft UIInterfaceOrientationLandscapeRight";
				INFOPLIST_KEY_UISupportedInterfaceOrientations_iPhone = "UIInterfaceOrientationPortrait UIInterfaceOrientationLandscapeLeft UIInterfaceOrientationLandscapeRight";
				LD_RUNPATH_SEARCH_PATHS = (
					"$(inherited)",
					"@executable_path/Frameworks",
				);
				MARKETING_VERSION = 1.0;
				PRODUCT_BUNDLE_IDENTIFIER = com.ehtisham.MEM;
				PRODUCT_NAME = "$(TARGET_NAME)";
				SWIFT_EMIT_LOC_STRINGS = YES;
				SWIFT_VERSION = 5.0;
				TARGETED_DEVICE_FAMILY = "1,2";
			};
			name = Debug;
		};
		0A99493C288EB0BF00C46948 /* Release */ = {
			isa = XCBuildConfiguration;
			baseConfigurationReference = 971D28CD4256D23CE462D785 /* Pods-MEM.release.xcconfig */;
			buildSettings = {
				ASSETCATALOG_COMPILER_APPICON_NAME = AppIcon;
				ASSETCATALOG_COMPILER_GLOBAL_ACCENT_COLOR_NAME = AccentColor;
				CODE_SIGN_STYLE = Automatic;
				CURRENT_PROJECT_VERSION = 1;
				DEVELOPMENT_TEAM = A9DQP4DQ7K;
				GENERATE_INFOPLIST_FILE = YES;
				INFOPLIST_FILE = MEM/System/Info.plist;
				INFOPLIST_KEY_UIApplicationSupportsIndirectInputEvents = YES;
				INFOPLIST_KEY_UILaunchStoryboardName = LaunchScreen;
				INFOPLIST_KEY_UIMainStoryboardFile = Main;
				INFOPLIST_KEY_UISupportedInterfaceOrientations_iPad = "UIInterfaceOrientationPortrait UIInterfaceOrientationPortraitUpsideDown UIInterfaceOrientationLandscapeLeft UIInterfaceOrientationLandscapeRight";
				INFOPLIST_KEY_UISupportedInterfaceOrientations_iPhone = "UIInterfaceOrientationPortrait UIInterfaceOrientationLandscapeLeft UIInterfaceOrientationLandscapeRight";
				LD_RUNPATH_SEARCH_PATHS = (
					"$(inherited)",
					"@executable_path/Frameworks",
				);
				MARKETING_VERSION = 1.0;
				PRODUCT_BUNDLE_IDENTIFIER = com.ehtisham.MEM;
				PRODUCT_NAME = "$(TARGET_NAME)";
				SWIFT_EMIT_LOC_STRINGS = YES;
				SWIFT_VERSION = 5.0;
				TARGETED_DEVICE_FAMILY = "1,2";
			};
			name = Release;
		};
		0A99493E288EB0BF00C46948 /* Debug */ = {
			isa = XCBuildConfiguration;
			baseConfigurationReference = 3922E10891118DB11695ACF3 /* Pods-MEMTests.debug.xcconfig */;
			buildSettings = {
				ALWAYS_EMBED_SWIFT_STANDARD_LIBRARIES = YES;
				BUNDLE_LOADER = "$(TEST_HOST)";
				CODE_SIGN_STYLE = Automatic;
				CURRENT_PROJECT_VERSION = 1;
				DEVELOPMENT_TEAM = A9DQP4DQ7K;
				GENERATE_INFOPLIST_FILE = YES;
				IPHONEOS_DEPLOYMENT_TARGET = 15.5;
				MARKETING_VERSION = 1.0;
				PRODUCT_BUNDLE_IDENTIFIER = com.ehtisham.MEMTests;
				PRODUCT_NAME = "$(TARGET_NAME)";
				SWIFT_EMIT_LOC_STRINGS = NO;
				SWIFT_VERSION = 5.0;
				TARGETED_DEVICE_FAMILY = "1,2";
				TEST_HOST = "$(BUILT_PRODUCTS_DIR)/MEM.app/MEM";
			};
			name = Debug;
		};
		0A99493F288EB0BF00C46948 /* Release */ = {
			isa = XCBuildConfiguration;
			baseConfigurationReference = AC4F1E1030E1CAB1976A7845 /* Pods-MEMTests.release.xcconfig */;
			buildSettings = {
				ALWAYS_EMBED_SWIFT_STANDARD_LIBRARIES = YES;
				BUNDLE_LOADER = "$(TEST_HOST)";
				CODE_SIGN_STYLE = Automatic;
				CURRENT_PROJECT_VERSION = 1;
				DEVELOPMENT_TEAM = A9DQP4DQ7K;
				GENERATE_INFOPLIST_FILE = YES;
				IPHONEOS_DEPLOYMENT_TARGET = 15.5;
				MARKETING_VERSION = 1.0;
				PRODUCT_BUNDLE_IDENTIFIER = com.ehtisham.MEMTests;
				PRODUCT_NAME = "$(TARGET_NAME)";
				SWIFT_EMIT_LOC_STRINGS = NO;
				SWIFT_VERSION = 5.0;
				TARGETED_DEVICE_FAMILY = "1,2";
				TEST_HOST = "$(BUILT_PRODUCTS_DIR)/MEM.app/MEM";
			};
			name = Release;
		};
		0A994941288EB0BF00C46948 /* Debug */ = {
			isa = XCBuildConfiguration;
			baseConfigurationReference = 9FB128B8E19CB5604CE93EB4 /* Pods-MEM-MEMUITests.debug.xcconfig */;
			buildSettings = {
				ALWAYS_EMBED_SWIFT_STANDARD_LIBRARIES = YES;
				CODE_SIGN_STYLE = Automatic;
				CURRENT_PROJECT_VERSION = 1;
				DEVELOPMENT_TEAM = A9DQP4DQ7K;
				GENERATE_INFOPLIST_FILE = YES;
				MARKETING_VERSION = 1.0;
				PRODUCT_BUNDLE_IDENTIFIER = com.ehtisham.MEMUITests;
				PRODUCT_NAME = "$(TARGET_NAME)";
				SWIFT_EMIT_LOC_STRINGS = NO;
				SWIFT_VERSION = 5.0;
				TARGETED_DEVICE_FAMILY = "1,2";
				TEST_TARGET_NAME = MEM;
			};
			name = Debug;
		};
		0A994942288EB0BF00C46948 /* Release */ = {
			isa = XCBuildConfiguration;
			baseConfigurationReference = B697495B7C33841109F01E16 /* Pods-MEM-MEMUITests.release.xcconfig */;
			buildSettings = {
				ALWAYS_EMBED_SWIFT_STANDARD_LIBRARIES = YES;
				CODE_SIGN_STYLE = Automatic;
				CURRENT_PROJECT_VERSION = 1;
				DEVELOPMENT_TEAM = A9DQP4DQ7K;
				GENERATE_INFOPLIST_FILE = YES;
				MARKETING_VERSION = 1.0;
				PRODUCT_BUNDLE_IDENTIFIER = com.ehtisham.MEMUITests;
				PRODUCT_NAME = "$(TARGET_NAME)";
				SWIFT_EMIT_LOC_STRINGS = NO;
				SWIFT_VERSION = 5.0;
				TARGETED_DEVICE_FAMILY = "1,2";
				TEST_TARGET_NAME = MEM;
			};
			name = Release;
		};
/* End XCBuildConfiguration section */

/* Begin XCConfigurationList section */
		0A99490B288EB0BD00C46948 /* Build configuration list for PBXProject "MEM" */ = {
			isa = XCConfigurationList;
			buildConfigurations = (
				0A994938288EB0BF00C46948 /* Debug */,
				0A994939288EB0BF00C46948 /* Release */,
			);
			defaultConfigurationIsVisible = 0;
			defaultConfigurationName = Release;
		};
		0A99493A288EB0BF00C46948 /* Build configuration list for PBXNativeTarget "MEM" */ = {
			isa = XCConfigurationList;
			buildConfigurations = (
				0A99493B288EB0BF00C46948 /* Debug */,
				0A99493C288EB0BF00C46948 /* Release */,
			);
			defaultConfigurationIsVisible = 0;
			defaultConfigurationName = Release;
		};
		0A99493D288EB0BF00C46948 /* Build configuration list for PBXNativeTarget "MEMTests" */ = {
			isa = XCConfigurationList;
			buildConfigurations = (
				0A99493E288EB0BF00C46948 /* Debug */,
				0A99493F288EB0BF00C46948 /* Release */,
			);
			defaultConfigurationIsVisible = 0;
			defaultConfigurationName = Release;
		};
		0A994940288EB0BF00C46948 /* Build configuration list for PBXNativeTarget "MEMUITests" */ = {
			isa = XCConfigurationList;
			buildConfigurations = (
				0A994941288EB0BF00C46948 /* Debug */,
				0A994942288EB0BF00C46948 /* Release */,
			);
			defaultConfigurationIsVisible = 0;
			defaultConfigurationName = Release;
		};
/* End XCConfigurationList section */
	};
	rootObject = 0A994908288EB0BD00C46948 /* Project object */;
}
